// !$*UTF8*$!
{
	archiveVersion = 1;
	classes = {
	};
	objectVersion = 48;
	objects = {

/* Begin PBXBuildFile section */
		1B98EF610582BEB9C8584EB3 /* Pods_GitHelp.framework in Frameworks */ = {isa = PBXBuildFile; fileRef = CC5E26C580AB8FEEA123C7BA /* Pods_GitHelp.framework */; };
		493BCB751F8C2395006F3EF8 /* AppDelegate.swift in Sources */ = {isa = PBXBuildFile; fileRef = 493BCB741F8C2395006F3EF8 /* AppDelegate.swift */; };
		493BCB771F8C2395006F3EF8 /* ViewController.swift in Sources */ = {isa = PBXBuildFile; fileRef = 493BCB761F8C2395006F3EF8 /* ViewController.swift */; };
		493BCB7A1F8C2395006F3EF8 /* Main.storyboard in Resources */ = {isa = PBXBuildFile; fileRef = 493BCB781F8C2395006F3EF8 /* Main.storyboard */; };
		493BCB7C1F8C2395006F3EF8 /* Assets.xcassets in Resources */ = {isa = PBXBuildFile; fileRef = 493BCB7B1F8C2395006F3EF8 /* Assets.xcassets */; };
		493BCB7F1F8C2395006F3EF8 /* LaunchScreen.storyboard in Resources */ = {isa = PBXBuildFile; fileRef = 493BCB7D1F8C2395006F3EF8 /* LaunchScreen.storyboard */; };
		496E16B71F8D23FE00F2705A /* Lesson.swift in Sources */ = {isa = PBXBuildFile; fileRef = 496E16B61F8D23FE00F2705A /* Lesson.swift */; };
		496E16B91F8D305700F2705A /* NetworkingJSON.swift in Sources */ = {isa = PBXBuildFile; fileRef = 496E16B81F8D305700F2705A /* NetworkingJSON.swift */; };
		49BA73671F9FDD0C00B67446 /* Serialization.swift in Sources */ = {isa = PBXBuildFile; fileRef = 49BA73661F9FDD0C00B67446 /* Serialization.swift */; };
		49BA736B1F9FDE8900B67446 /* NetworkRequest.swift in Sources */ = {isa = PBXBuildFile; fileRef = 49BA736A1F9FDE8900B67446 /* NetworkRequest.swift */; };
		49BA736D1F9FDECE00B67446 /* APIResources.swift in Sources */ = {isa = PBXBuildFile; fileRef = 49BA736C1F9FDECE00B67446 /* APIResources.swift */; };
		49E0E6281F943784007DFEE7 /* GitHelpTests.swift in Sources */ = {isa = PBXBuildFile; fileRef = 49E0E6271F943784007DFEE7 /* GitHelpTests.swift */; };
		7F1C9E541FA902E500EB0E30 /* LessonViewController.swift in Sources */ = {isa = PBXBuildFile; fileRef = 7F1C9E531FA902E500EB0E30 /* LessonViewController.swift */; };
		7F775DD51FB1EF4000DC5CF3 /* CustomCell.swift in Sources */ = {isa = PBXBuildFile; fileRef = 7F775DD41FB1EF4000DC5CF3 /* CustomCell.swift */; };
		7F775DD91FB4B88700DC5CF3 /* QuizViewController.swift in Sources */ = {isa = PBXBuildFile; fileRef = 7F775DD81FB4B88700DC5CF3 /* QuizViewController.swift */; };
/* End PBXBuildFile section */

/* Begin PBXContainerItemProxy section */
		49E0E62A1F943784007DFEE7 /* PBXContainerItemProxy */ = {
			isa = PBXContainerItemProxy;
			containerPortal = 493BCB691F8C2395006F3EF8 /* Project object */;
			proxyType = 1;
			remoteGlobalIDString = 493BCB701F8C2395006F3EF8;
			remoteInfo = GitHelp;
		};
/* End PBXContainerItemProxy section */

/* Begin PBXFileReference section */
		493BCB711F8C2395006F3EF8 /* GitHelp.app */ = {isa = PBXFileReference; explicitFileType = wrapper.application; includeInIndex = 0; path = GitHelp.app; sourceTree = BUILT_PRODUCTS_DIR; };
		493BCB741F8C2395006F3EF8 /* AppDelegate.swift */ = {isa = PBXFileReference; lastKnownFileType = sourcecode.swift; path = AppDelegate.swift; sourceTree = "<group>"; };
		493BCB761F8C2395006F3EF8 /* ViewController.swift */ = {isa = PBXFileReference; lastKnownFileType = sourcecode.swift; path = ViewController.swift; sourceTree = "<group>"; };
		493BCB791F8C2395006F3EF8 /* Base */ = {isa = PBXFileReference; lastKnownFileType = file.storyboard; name = Base; path = Base.lproj/Main.storyboard; sourceTree = "<group>"; };
		493BCB7B1F8C2395006F3EF8 /* Assets.xcassets */ = {isa = PBXFileReference; lastKnownFileType = folder.assetcatalog; path = Assets.xcassets; sourceTree = "<group>"; };
		493BCB7E1F8C2395006F3EF8 /* Base */ = {isa = PBXFileReference; lastKnownFileType = file.storyboard; name = Base; path = Base.lproj/LaunchScreen.storyboard; sourceTree = "<group>"; };
		493BCB801F8C2395006F3EF8 /* Info.plist */ = {isa = PBXFileReference; lastKnownFileType = text.plist.xml; path = Info.plist; sourceTree = "<group>"; };
		496E16B61F8D23FE00F2705A /* Lesson.swift */ = {isa = PBXFileReference; lastKnownFileType = sourcecode.swift; path = Lesson.swift; sourceTree = "<group>"; };
		496E16B81F8D305700F2705A /* NetworkingJSON.swift */ = {isa = PBXFileReference; lastKnownFileType = sourcecode.swift; path = NetworkingJSON.swift; sourceTree = "<group>"; };
		49BA73661F9FDD0C00B67446 /* Serialization.swift */ = {isa = PBXFileReference; lastKnownFileType = sourcecode.swift; path = Serialization.swift; sourceTree = "<group>"; };
		49BA736A1F9FDE8900B67446 /* NetworkRequest.swift */ = {isa = PBXFileReference; lastKnownFileType = sourcecode.swift; path = NetworkRequest.swift; sourceTree = "<group>"; };
		49BA736C1F9FDECE00B67446 /* APIResources.swift */ = {isa = PBXFileReference; lastKnownFileType = sourcecode.swift; path = APIResources.swift; sourceTree = "<group>"; };
		49E0E6251F943784007DFEE7 /* GitHelpTests.xctest */ = {isa = PBXFileReference; explicitFileType = wrapper.cfbundle; includeInIndex = 0; path = GitHelpTests.xctest; sourceTree = BUILT_PRODUCTS_DIR; };
		49E0E6271F943784007DFEE7 /* GitHelpTests.swift */ = {isa = PBXFileReference; lastKnownFileType = sourcecode.swift; path = GitHelpTests.swift; sourceTree = "<group>"; };
		49E0E6291F943784007DFEE7 /* Info.plist */ = {isa = PBXFileReference; lastKnownFileType = text.plist.xml; path = Info.plist; sourceTree = "<group>"; };
		7F1C9E531FA902E500EB0E30 /* LessonViewController.swift */ = {isa = PBXFileReference; lastKnownFileType = sourcecode.swift; path = LessonViewController.swift; sourceTree = "<group>"; };
		7F775DD41FB1EF4000DC5CF3 /* CustomCell.swift */ = {isa = PBXFileReference; lastKnownFileType = sourcecode.swift; path = CustomCell.swift; sourceTree = "<group>"; };
		7F775DD81FB4B88700DC5CF3 /* QuizViewController.swift */ = {isa = PBXFileReference; fileEncoding = 4; lastKnownFileType = sourcecode.swift; path = QuizViewController.swift; sourceTree = "<group>"; };
		CC5E26C580AB8FEEA123C7BA /* Pods_GitHelp.framework */ = {isa = PBXFileReference; explicitFileType = wrapper.framework; includeInIndex = 0; path = Pods_GitHelp.framework; sourceTree = BUILT_PRODUCTS_DIR; };
		E5182B07AE746FE2A90373E7 /* Pods-GitHelp.release.xcconfig */ = {isa = PBXFileReference; includeInIndex = 1; lastKnownFileType = text.xcconfig; name = "Pods-GitHelp.release.xcconfig"; path = "Pods/Target Support Files/Pods-GitHelp/Pods-GitHelp.release.xcconfig"; sourceTree = "<group>"; };
		F4649ED161B1C923C0D6BB63 /* Pods-GitHelp.debug.xcconfig */ = {isa = PBXFileReference; includeInIndex = 1; lastKnownFileType = text.xcconfig; name = "Pods-GitHelp.debug.xcconfig"; path = "Pods/Target Support Files/Pods-GitHelp/Pods-GitHelp.debug.xcconfig"; sourceTree = "<group>"; };
/* End PBXFileReference section */

/* Begin PBXFrameworksBuildPhase section */
		493BCB6E1F8C2395006F3EF8 /* Frameworks */ = {
			isa = PBXFrameworksBuildPhase;
			buildActionMask = 2147483647;
			files = (
				1B98EF610582BEB9C8584EB3 /* Pods_GitHelp.framework in Frameworks */,
			);
			runOnlyForDeploymentPostprocessing = 0;
		};
		49E0E6221F943784007DFEE7 /* Frameworks */ = {
			isa = PBXFrameworksBuildPhase;
			buildActionMask = 2147483647;
			files = (
			);
			runOnlyForDeploymentPostprocessing = 0;
		};
/* End PBXFrameworksBuildPhase section */

/* Begin PBXGroup section */
		1E75BBE4764EF8CF458289D7 /* Frameworks */ = {
			isa = PBXGroup;
			children = (
				CC5E26C580AB8FEEA123C7BA /* Pods_GitHelp.framework */,
			);
			name = Frameworks;
			sourceTree = "<group>";
		};
		493BCB681F8C2395006F3EF8 = {
			isa = PBXGroup;
			children = (
				493BCB731F8C2395006F3EF8 /* GitHelp */,
				49E0E6261F943784007DFEE7 /* GitHelpTests */,
				493BCB721F8C2395006F3EF8 /* Products */,
				7D98DA73E656C0BED8C93AFF /* Pods */,
				1E75BBE4764EF8CF458289D7 /* Frameworks */,
			);
			sourceTree = "<group>";
		};
		493BCB721F8C2395006F3EF8 /* Products */ = {
			isa = PBXGroup;
			children = (
				493BCB711F8C2395006F3EF8 /* GitHelp.app */,
				49E0E6251F943784007DFEE7 /* GitHelpTests.xctest */,
			);
			name = Products;
			sourceTree = "<group>";
		};
		493BCB731F8C2395006F3EF8 /* GitHelp */ = {
			isa = PBXGroup;
			children = (
				493BCB891F8C2418006F3EF8 /* Controller */,
				493BCB881F8C23FD006F3EF8 /* View */,
				493BCB861F8C23C4006F3EF8 /* Model */,
				493BCB781F8C2395006F3EF8 /* Main.storyboard */,
				493BCB7B1F8C2395006F3EF8 /* Assets.xcassets */,
				493BCB7D1F8C2395006F3EF8 /* LaunchScreen.storyboard */,
				493BCB801F8C2395006F3EF8 /* Info.plist */,
				49BA73661F9FDD0C00B67446 /* Serialization.swift */,
				49BA736A1F9FDE8900B67446 /* NetworkRequest.swift */,
				49BA736C1F9FDECE00B67446 /* APIResources.swift */,
			);
			path = GitHelp;
			sourceTree = "<group>";
		};
		493BCB861F8C23C4006F3EF8 /* Model */ = {
			isa = PBXGroup;
			children = (
				496E16B61F8D23FE00F2705A /* Lesson.swift */,
				496E16B81F8D305700F2705A /* NetworkingJSON.swift */,
			);
			path = Model;
			sourceTree = "<group>";
		};
		493BCB881F8C23FD006F3EF8 /* View */ = {
			isa = PBXGroup;
			children = (
				7F775DD41FB1EF4000DC5CF3 /* CustomCell.swift */,
			);
			path = View;
			sourceTree = "<group>";
		};
		493BCB891F8C2418006F3EF8 /* Controller */ = {
			isa = PBXGroup;
			children = (
				7F775DD81FB4B88700DC5CF3 /* QuizViewController.swift */,
				493BCB741F8C2395006F3EF8 /* AppDelegate.swift */,
				7F1C9E531FA902E500EB0E30 /* LessonViewController.swift */,
				493BCB761F8C2395006F3EF8 /* ViewController.swift */,
			);
			path = Controller;
			sourceTree = "<group>";
		};
		49E0E6261F943784007DFEE7 /* GitHelpTests */ = {
			isa = PBXGroup;
			children = (
				49E0E6271F943784007DFEE7 /* GitHelpTests.swift */,
				49E0E6291F943784007DFEE7 /* Info.plist */,
			);
			path = GitHelpTests;
			sourceTree = "<group>";
		};
		7D98DA73E656C0BED8C93AFF /* Pods */ = {
			isa = PBXGroup;
			children = (
				F4649ED161B1C923C0D6BB63 /* Pods-GitHelp.debug.xcconfig */,
				E5182B07AE746FE2A90373E7 /* Pods-GitHelp.release.xcconfig */,
			);
			name = Pods;
			sourceTree = "<group>";
		};
/* End PBXGroup section */

/* Begin PBXNativeTarget section */
		493BCB701F8C2395006F3EF8 /* GitHelp */ = {
			isa = PBXNativeTarget;
			buildConfigurationList = 493BCB831F8C2395006F3EF8 /* Build configuration list for PBXNativeTarget "GitHelp" */;
			buildPhases = (
				FC6D5FB928FFF26D8F69B874 /* [CP] Check Pods Manifest.lock */,
				493BCB6D1F8C2395006F3EF8 /* Sources */,
				493BCB6E1F8C2395006F3EF8 /* Frameworks */,
				493BCB6F1F8C2395006F3EF8 /* Resources */,
				BDED496E11A6774B95776565 /* [CP] Embed Pods Frameworks */,
				D29FBA59F85A5BA7D2BC3D0C /* [CP] Copy Pods Resources */,
			);
			buildRules = (
			);
			dependencies = (
			);
			name = GitHelp;
			productName = GitHelp;
			productReference = 493BCB711F8C2395006F3EF8 /* GitHelp.app */;
			productType = "com.apple.product-type.application";
		};
		49E0E6241F943784007DFEE7 /* GitHelpTests */ = {
			isa = PBXNativeTarget;
			buildConfigurationList = 49E0E62C1F943784007DFEE7 /* Build configuration list for PBXNativeTarget "GitHelpTests" */;
			buildPhases = (
				49E0E6211F943784007DFEE7 /* Sources */,
				49E0E6221F943784007DFEE7 /* Frameworks */,
				49E0E6231F943784007DFEE7 /* Resources */,
			);
			buildRules = (
			);
			dependencies = (
				49E0E62B1F943784007DFEE7 /* PBXTargetDependency */,
			);
			name = GitHelpTests;
			productName = GitHelpTests;
			productReference = 49E0E6251F943784007DFEE7 /* GitHelpTests.xctest */;
			productType = "com.apple.product-type.bundle.unit-test";
		};
/* End PBXNativeTarget section */

/* Begin PBXProject section */
		493BCB691F8C2395006F3EF8 /* Project object */ = {
			isa = PBXProject;
			attributes = {
				LastSwiftUpdateCheck = 0900;
				LastUpgradeCheck = 0910;
				ORGANIZATIONNAME = GitHelp;
				TargetAttributes = {
					493BCB701F8C2395006F3EF8 = {
						CreatedOnToolsVersion = 9.0;
						ProvisioningStyle = Automatic;
					};
					49E0E6241F943784007DFEE7 = {
						CreatedOnToolsVersion = 9.0;
						ProvisioningStyle = Automatic;
						TestTargetID = 493BCB701F8C2395006F3EF8;
					};
				};
			};
			buildConfigurationList = 493BCB6C1F8C2395006F3EF8 /* Build configuration list for PBXProject "GitHelp" */;
			compatibilityVersion = "Xcode 8.0";
			developmentRegion = en;
			hasScannedForEncodings = 0;
			knownRegions = (
				en,
				Base,
			);
			mainGroup = 493BCB681F8C2395006F3EF8;
			productRefGroup = 493BCB721F8C2395006F3EF8 /* Products */;
			projectDirPath = "";
			projectRoot = "";
			targets = (
				493BCB701F8C2395006F3EF8 /* GitHelp */,
				49E0E6241F943784007DFEE7 /* GitHelpTests */,
			);
		};
/* End PBXProject section */

/* Begin PBXResourcesBuildPhase section */
		493BCB6F1F8C2395006F3EF8 /* Resources */ = {
			isa = PBXResourcesBuildPhase;
			buildActionMask = 2147483647;
			files = (
				493BCB7F1F8C2395006F3EF8 /* LaunchScreen.storyboard in Resources */,
				493BCB7C1F8C2395006F3EF8 /* Assets.xcassets in Resources */,
				493BCB7A1F8C2395006F3EF8 /* Main.storyboard in Resources */,
			);
			runOnlyForDeploymentPostprocessing = 0;
		};
		49E0E6231F943784007DFEE7 /* Resources */ = {
			isa = PBXResourcesBuildPhase;
			buildActionMask = 2147483647;
			files = (
			);
			runOnlyForDeploymentPostprocessing = 0;
		};
/* End PBXResourcesBuildPhase section */

/* Begin PBXShellScriptBuildPhase section */
		BDED496E11A6774B95776565 /* [CP] Embed Pods Frameworks */ = {
			isa = PBXShellScriptBuildPhase;
			buildActionMask = 2147483647;
			files = (
			);
			inputPaths = (
			);
			name = "[CP] Embed Pods Frameworks";
			outputPaths = (
			);
			runOnlyForDeploymentPostprocessing = 0;
			shellPath = /bin/sh;
			shellScript = "\"${SRCROOT}/Pods/Target Support Files/Pods-GitHelp/Pods-GitHelp-frameworks.sh\"\n";
			showEnvVarsInLog = 0;
		};
		D29FBA59F85A5BA7D2BC3D0C /* [CP] Copy Pods Resources */ = {
			isa = PBXShellScriptBuildPhase;
			buildActionMask = 2147483647;
			files = (
			);
			inputPaths = (
			);
			name = "[CP] Copy Pods Resources";
			outputPaths = (
			);
			runOnlyForDeploymentPostprocessing = 0;
			shellPath = /bin/sh;
			shellScript = "\"${SRCROOT}/Pods/Target Support Files/Pods-GitHelp/Pods-GitHelp-resources.sh\"\n";
			showEnvVarsInLog = 0;
		};
		FC6D5FB928FFF26D8F69B874 /* [CP] Check Pods Manifest.lock */ = {
			isa = PBXShellScriptBuildPhase;
			buildActionMask = 2147483647;
			files = (
			);
			inputPaths = (
			);
			name = "[CP] Check Pods Manifest.lock";
			outputPaths = (
			);
			runOnlyForDeploymentPostprocessing = 0;
			shellPath = /bin/sh;
			shellScript = "diff \"${PODS_ROOT}/../Podfile.lock\" \"${PODS_ROOT}/Manifest.lock\" > /dev/null\nif [ $? != 0 ] ; then\n    # print error to STDERR\n    echo \"error: The sandbox is not in sync with the Podfile.lock. Run 'pod install' or update your CocoaPods installation.\" >&2\n    exit 1\nfi\n";
			showEnvVarsInLog = 0;
		};
/* End PBXShellScriptBuildPhase section */

/* Begin PBXSourcesBuildPhase section */
		493BCB6D1F8C2395006F3EF8 /* Sources */ = {
			isa = PBXSourcesBuildPhase;
			buildActionMask = 2147483647;
			files = (
				7F1C9E541FA902E500EB0E30 /* LessonViewController.swift in Sources */,
				7F775DD91FB4B88700DC5CF3 /* QuizViewController.swift in Sources */,
				49BA736B1F9FDE8900B67446 /* NetworkRequest.swift in Sources */,
				496E16B71F8D23FE00F2705A /* Lesson.swift in Sources */,
				49BA736D1F9FDECE00B67446 /* APIResources.swift in Sources */,
				7F775DD51FB1EF4000DC5CF3 /* CustomCell.swift in Sources */,
				496E16B91F8D305700F2705A /* NetworkingJSON.swift in Sources */,
				493BCB771F8C2395006F3EF8 /* ViewController.swift in Sources */,
				49BA73671F9FDD0C00B67446 /* Serialization.swift in Sources */,
				493BCB751F8C2395006F3EF8 /* AppDelegate.swift in Sources */,
			);
			runOnlyForDeploymentPostprocessing = 0;
		};
		49E0E6211F943784007DFEE7 /* Sources */ = {
			isa = PBXSourcesBuildPhase;
			buildActionMask = 2147483647;
			files = (
				49E0E6281F943784007DFEE7 /* GitHelpTests.swift in Sources */,
			);
			runOnlyForDeploymentPostprocessing = 0;
		};
/* End PBXSourcesBuildPhase section */

/* Begin PBXTargetDependency section */
		49E0E62B1F943784007DFEE7 /* PBXTargetDependency */ = {
			isa = PBXTargetDependency;
			target = 493BCB701F8C2395006F3EF8 /* GitHelp */;
			targetProxy = 49E0E62A1F943784007DFEE7 /* PBXContainerItemProxy */;
		};
/* End PBXTargetDependency section */

/* Begin PBXVariantGroup section */
		493BCB781F8C2395006F3EF8 /* Main.storyboard */ = {
			isa = PBXVariantGroup;
			children = (
				493BCB791F8C2395006F3EF8 /* Base */,
			);
			name = Main.storyboard;
			sourceTree = "<group>";
		};
		493BCB7D1F8C2395006F3EF8 /* LaunchScreen.storyboard */ = {
			isa = PBXVariantGroup;
			children = (
				493BCB7E1F8C2395006F3EF8 /* Base */,
			);
			name = LaunchScreen.storyboard;
			sourceTree = "<group>";
		};
/* End PBXVariantGroup section */

/* Begin XCBuildConfiguration section */
		493BCB811F8C2395006F3EF8 /* Debug */ = {
			isa = XCBuildConfiguration;
			buildSettings = {
				ALWAYS_SEARCH_USER_PATHS = NO;
				CLANG_ANALYZER_NONNULL = YES;
				CLANG_ANALYZER_NUMBER_OBJECT_CONVERSION = YES_AGGRESSIVE;
				CLANG_CXX_LANGUAGE_STANDARD = "gnu++14";
				CLANG_CXX_LIBRARY = "libc++";
				CLANG_ENABLE_MODULES = YES;
				CLANG_ENABLE_OBJC_ARC = YES;
				CLANG_WARN_BLOCK_CAPTURE_AUTORELEASING = YES;
				CLANG_WARN_BOOL_CONVERSION = YES;
				CLANG_WARN_COMMA = YES;
				CLANG_WARN_CONSTANT_CONVERSION = YES;
				CLANG_WARN_DIRECT_OBJC_ISA_USAGE = YES_ERROR;
				CLANG_WARN_DOCUMENTATION_COMMENTS = YES;
				CLANG_WARN_EMPTY_BODY = YES;
				CLANG_WARN_ENUM_CONVERSION = YES;
				CLANG_WARN_INFINITE_RECURSION = YES;
				CLANG_WARN_INT_CONVERSION = YES;
				CLANG_WARN_NON_LITERAL_NULL_CONVERSION = YES;
				CLANG_WARN_OBJC_LITERAL_CONVERSION = YES;
				CLANG_WARN_OBJC_ROOT_CLASS = YES_ERROR;
				CLANG_WARN_RANGE_LOOP_ANALYSIS = YES;
				CLANG_WARN_STRICT_PROTOTYPES = YES;
				CLANG_WARN_SUSPICIOUS_MOVE = YES;
				CLANG_WARN_UNGUARDED_AVAILABILITY = YES_AGGRESSIVE;
				CLANG_WARN_UNREACHABLE_CODE = YES;
				CLANG_WARN__DUPLICATE_METHOD_MATCH = YES;
				CODE_SIGN_IDENTITY = "iPhone Developer";
				COPY_PHASE_STRIP = NO;
				DEBUG_INFORMATION_FORMAT = dwarf;
				ENABLE_STRICT_OBJC_MSGSEND = YES;
				ENABLE_TESTABILITY = YES;
				GCC_C_LANGUAGE_STANDARD = gnu11;
				GCC_DYNAMIC_NO_PIC = NO;
				GCC_NO_COMMON_BLOCKS = YES;
				GCC_OPTIMIZATION_LEVEL = 0;
				GCC_PREPROCESSOR_DEFINITIONS = (
					"DEBUG=1",
					"$(inherited)",
				);
				GCC_WARN_64_TO_32_BIT_CONVERSION = YES;
				GCC_WARN_ABOUT_RETURN_TYPE = YES_ERROR;
				GCC_WARN_UNDECLARED_SELECTOR = YES;
				GCC_WARN_UNINITIALIZED_AUTOS = YES_AGGRESSIVE;
				GCC_WARN_UNUSED_FUNCTION = YES;
				GCC_WARN_UNUSED_VARIABLE = YES;
				IPHONEOS_DEPLOYMENT_TARGET = 11.0;
				MTL_ENABLE_DEBUG_INFO = YES;
				ONLY_ACTIVE_ARCH = YES;
				SDKROOT = iphoneos;
				SWIFT_ACTIVE_COMPILATION_CONDITIONS = DEBUG;
				SWIFT_OPTIMIZATION_LEVEL = "-Onone";
			};
			name = Debug;
		};
		493BCB821F8C2395006F3EF8 /* Release */ = {
			isa = XCBuildConfiguration;
			buildSettings = {
				ALWAYS_SEARCH_USER_PATHS = NO;
				CLANG_ANALYZER_NONNULL = YES;
				CLANG_ANALYZER_NUMBER_OBJECT_CONVERSION = YES_AGGRESSIVE;
				CLANG_CXX_LANGUAGE_STANDARD = "gnu++14";
				CLANG_CXX_LIBRARY = "libc++";
				CLANG_ENABLE_MODULES = YES;
				CLANG_ENABLE_OBJC_ARC = YES;
				CLANG_WARN_BLOCK_CAPTURE_AUTORELEASING = YES;
				CLANG_WARN_BOOL_CONVERSION = YES;
				CLANG_WARN_COMMA = YES;
				CLANG_WARN_CONSTANT_CONVERSION = YES;
				CLANG_WARN_DIRECT_OBJC_ISA_USAGE = YES_ERROR;
				CLANG_WARN_DOCUMENTATION_COMMENTS = YES;
				CLANG_WARN_EMPTY_BODY = YES;
				CLANG_WARN_ENUM_CONVERSION = YES;
				CLANG_WARN_INFINITE_RECURSION = YES;
				CLANG_WARN_INT_CONVERSION = YES;
				CLANG_WARN_NON_LITERAL_NULL_CONVERSION = YES;
				CLANG_WARN_OBJC_LITERAL_CONVERSION = YES;
				CLANG_WARN_OBJC_ROOT_CLASS = YES_ERROR;
				CLANG_WARN_RANGE_LOOP_ANALYSIS = YES;
				CLANG_WARN_STRICT_PROTOTYPES = YES;
				CLANG_WARN_SUSPICIOUS_MOVE = YES;
				CLANG_WARN_UNGUARDED_AVAILABILITY = YES_AGGRESSIVE;
				CLANG_WARN_UNREACHABLE_CODE = YES;
				CLANG_WARN__DUPLICATE_METHOD_MATCH = YES;
				CODE_SIGN_IDENTITY = "iPhone Developer";
				COPY_PHASE_STRIP = NO;
				DEBUG_INFORMATION_FORMAT = "dwarf-with-dsym";
				ENABLE_NS_ASSERTIONS = NO;
				ENABLE_STRICT_OBJC_MSGSEND = YES;
				GCC_C_LANGUAGE_STANDARD = gnu11;
				GCC_NO_COMMON_BLOCKS = YES;
				GCC_WARN_64_TO_32_BIT_CONVERSION = YES;
				GCC_WARN_ABOUT_RETURN_TYPE = YES_ERROR;
				GCC_WARN_UNDECLARED_SELECTOR = YES;
				GCC_WARN_UNINITIALIZED_AUTOS = YES_AGGRESSIVE;
				GCC_WARN_UNUSED_FUNCTION = YES;
				GCC_WARN_UNUSED_VARIABLE = YES;
				IPHONEOS_DEPLOYMENT_TARGET = 11.0;
				MTL_ENABLE_DEBUG_INFO = NO;
				SDKROOT = iphoneos;
				SWIFT_OPTIMIZATION_LEVEL = "-Owholemodule";
				VALIDATE_PRODUCT = YES;
			};
			name = Release;
		};
		493BCB841F8C2395006F3EF8 /* Debug */ = {
			isa = XCBuildConfiguration;
			baseConfigurationReference = F4649ED161B1C923C0D6BB63 /* Pods-GitHelp.debug.xcconfig */;
			buildSettings = {
				ALWAYS_EMBED_SWIFT_STANDARD_LIBRARIES = YES;
				ASSETCATALOG_COMPILER_APPICON_NAME = AppIcon;
				CODE_SIGN_STYLE = Automatic;
				INFOPLIST_FILE = GitHelp/Info.plist;
				LD_RUNPATH_SEARCH_PATHS = "$(inherited) @executable_path/Frameworks";
				PRODUCT_BUNDLE_IDENTIFIER = com.githelp.GitHelp;
				PRODUCT_NAME = "$(TARGET_NAME)";
				SWIFT_VERSION = 4.0;
				TARGETED_DEVICE_FAMILY = "1,2";
			};
			name = Debug;
		};
		493BCB851F8C2395006F3EF8 /* Release */ = {
			isa = XCBuildConfiguration;
			baseConfigurationReference = E5182B07AE746FE2A90373E7 /* Pods-GitHelp.release.xcconfig */;
			buildSettings = {
				ALWAYS_EMBED_SWIFT_STANDARD_LIBRARIES = YES;
				ASSETCATALOG_COMPILER_APPICON_NAME = AppIcon;
				CODE_SIGN_STYLE = Automatic;
				INFOPLIST_FILE = GitHelp/Info.plist;
				LD_RUNPATH_SEARCH_PATHS = "$(inherited) @executable_path/Frameworks";
				PRODUCT_BUNDLE_IDENTIFIER = com.githelp.GitHelp;
				PRODUCT_NAME = "$(TARGET_NAME)";
				SWIFT_VERSION = 4.0;
				TARGETED_DEVICE_FAMILY = "1,2";
			};
			name = Release;
		};
		49E0E62D1F943784007DFEE7 /* Debug */ = {
			isa = XCBuildConfiguration;
			buildSettings = {
				BUNDLE_LOADER = "$(TEST_HOST)";
				CODE_SIGN_STYLE = Automatic;
				INFOPLIST_FILE = GitHelpTests/Info.plist;
				LD_RUNPATH_SEARCH_PATHS = "$(inherited) @executable_path/Frameworks @loader_path/Frameworks";
				PRODUCT_BUNDLE_IDENTIFIER = com.githelp.GitHelpTests;
				PRODUCT_NAME = "$(TARGET_NAME)";
				SWIFT_VERSION = 4.0;
				TARGETED_DEVICE_FAMILY = "1,2";
				TEST_HOST = "$(BUILT_PRODUCTS_DIR)/GitHelp.app/GitHelp";
			};
			name = Debug;
		};
		49E0E62E1F943784007DFEE7 /* Release */ = {
			isa = XCBuildConfiguration;
			buildSettings = {
				BUNDLE_LOADER = "$(TEST_HOST)";
				CODE_SIGN_STYLE = Automatic;
				INFOPLIST_FILE = GitHelpTests/Info.plist;
				LD_RUNPATH_SEARCH_PATHS = "$(inherited) @executable_path/Frameworks @loader_path/Frameworks";
				PRODUCT_BUNDLE_IDENTIFIER = com.githelp.GitHelpTests;
				PRODUCT_NAME = "$(TARGET_NAME)";
				SWIFT_VERSION = 4.0;
				TARGETED_DEVICE_FAMILY = "1,2";
				TEST_HOST = "$(BUILT_PRODUCTS_DIR)/GitHelp.app/GitHelp";
			};
			name = Release;
		};
/* End XCBuildConfiguration section */

/* Begin XCConfigurationList section */
		493BCB6C1F8C2395006F3EF8 /* Build configuration list for PBXProject "GitHelp" */ = {
			isa = XCConfigurationList;
			buildConfigurations = (
				493BCB811F8C2395006F3EF8 /* Debug */,
				493BCB821F8C2395006F3EF8 /* Release */,
			);
			defaultConfigurationIsVisible = 0;
			defaultConfigurationName = Release;
		};
		493BCB831F8C2395006F3EF8 /* Build configuration list for PBXNativeTarget "GitHelp" */ = {
			isa = XCConfigurationList;
			buildConfigurations = (
				493BCB841F8C2395006F3EF8 /* Debug */,
				493BCB851F8C2395006F3EF8 /* Release */,
			);
			defaultConfigurationIsVisible = 0;
			defaultConfigurationName = Release;
		};
		49E0E62C1F943784007DFEE7 /* Build configuration list for PBXNativeTarget "GitHelpTests" */ = {
			isa = XCConfigurationList;
			buildConfigurations = (
				49E0E62D1F943784007DFEE7 /* Debug */,
				49E0E62E1F943784007DFEE7 /* Release */,
			);
			defaultConfigurationIsVisible = 0;
			defaultConfigurationName = Release;
		};
/* End XCConfigurationList section */
	};
	rootObject = 493BCB691F8C2395006F3EF8 /* Project object */;
}
